// !$*UTF8*$!
{
	archiveVersion = 1;
	classes = {
	};
	objectVersion = 46;
	objects = {

/* Begin PBXBuildFile section */
		BBBC85D01F2E39C4004A699B /* README.md in Sources */ = {isa = PBXBuildFile; fileRef = BBBC85CC1F2E39C4004A699B /* README.md */; };
		BBBC85D11F2E39C4004A699B /* SDAVAssetExportSession.h in Headers */ = {isa = PBXBuildFile; fileRef = BBBC85CD1F2E39C4004A699B /* SDAVAssetExportSession.h */; };
		BBBC85D21F2E39C4004A699B /* SDAVAssetExportSession.m in Sources */ = {isa = PBXBuildFile; fileRef = BBBC85CE1F2E39C4004A699B /* SDAVAssetExportSession.m */; };
		BBEB12E21DC651EF00576B22 /* Fairchild.m in Sources */ = {isa = PBXBuildFile; fileRef = BB0B7BCD1C7208A600295F44 /* Fairchild.m */; };
		BBEB12E31DC6523D00576B22 /* Fairchild.h in Headers */ = {isa = PBXBuildFile; fileRef = BBEB12DD1DC6513C00576B22 /* Fairchild.h */; };
/* End PBXBuildFile section */

/* Begin PBXFileReference section */
		BB0778681F2E3235008B7C05 /* SDAVAssetExportSession.framework */ = {isa = PBXFileReference; lastKnownFileType = wrapper.framework; name = SDAVAssetExportSession.framework; path = "/Users/ths/src/rnlib/VideoSandbox/ios/Pods/../build/Debug-iphoneos/SDAVAssetExportSession/SDAVAssetExportSession.framework"; sourceTree = "<absolute>"; };
		BB0B7B9E1C71143100295F44 /* libFairchild.a */ = {isa = PBXFileReference; explicitFileType = archive.ar; includeInIndex = 0; path = libFairchild.a; sourceTree = BUILT_PRODUCTS_DIR; };
		BB0B7BCD1C7208A600295F44 /* Fairchild.m */ = {isa = PBXFileReference; fileEncoding = 4; lastKnownFileType = sourcecode.c.objc; path = Fairchild.m; sourceTree = "<group>"; };
		BB546DD81F2909C3009E7AF3 /* SDAVAssetExportSession.framework */ = {isa = PBXFileReference; lastKnownFileType = wrapper.framework; name = SDAVAssetExportSession.framework; path = "/Users/ths/src/rnlib/VideoSandbox/ios/Pods/../build/Debug-iphoneos/SDAVAssetExportSession/SDAVAssetExportSession.framework"; sourceTree = "<absolute>"; };
		BBA2A4B61F2E2DC400F40890 /* SDAVAssetExportSession.framework */ = {isa = PBXFileReference; lastKnownFileType = wrapper.framework; name = SDAVAssetExportSession.framework; path = "/Users/ths/src/rnlib/VideoSandbox/ios/Pods/../build/Debug-iphoneos/SDAVAssetExportSession/SDAVAssetExportSession.framework"; sourceTree = "<absolute>"; };
		BBBC85CA1F2E39C4004A699B /* .npmignore */ = {isa = PBXFileReference; fileEncoding = 4; lastKnownFileType = text; path = .npmignore; sourceTree = "<group>"; };
		BBBC85CB1F2E39C4004A699B /* LICENSE */ = {isa = PBXFileReference; fileEncoding = 4; lastKnownFileType = text; path = LICENSE; sourceTree = "<group>"; };
		BBBC85CC1F2E39C4004A699B /* README.md */ = {isa = PBXFileReference; fileEncoding = 4; lastKnownFileType = net.daringfireball.markdown; path = README.md; sourceTree = "<group>"; };
		BBBC85CD1F2E39C4004A699B /* SDAVAssetExportSession.h */ = {isa = PBXFileReference; fileEncoding = 4; lastKnownFileType = sourcecode.c.h; path = SDAVAssetExportSession.h; sourceTree = "<group>"; };
		BBBC85CE1F2E39C4004A699B /* SDAVAssetExportSession.m */ = {isa = PBXFileReference; fileEncoding = 4; lastKnownFileType = sourcecode.c.objc; path = SDAVAssetExportSession.m; sourceTree = "<group>"; };
		BBBC85CF1F2E39C4004A699B /* SDAVAssetExportSession.podspec */ = {isa = PBXFileReference; fileEncoding = 4; lastKnownFileType = text; path = SDAVAssetExportSession.podspec; sourceTree = "<group>"; };
		BBEB12DD1DC6513C00576B22 /* Fairchild.h */ = {isa = PBXFileReference; fileEncoding = 4; lastKnownFileType = sourcecode.c.h; path = Fairchild.h; sourceTree = "<group>"; };
/* End PBXFileReference section */

/* Begin PBXFrameworksBuildPhase section */
		BB0B7B9B1C71143100295F44 /* Frameworks */ = {
			isa = PBXFrameworksBuildPhase;
			buildActionMask = 2147483647;
			files = (
			);
			runOnlyForDeploymentPostprocessing = 0;
		};
/* End PBXFrameworksBuildPhase section */

/* Begin PBXGroup section */
		BB0B7B8D1C7111CC00295F44 = {
			isa = PBXGroup;
			children = (
				BBEB12DD1DC6513C00576B22 /* Fairchild.h */,
				BB0B7BCD1C7208A600295F44 /* Fairchild.m */,
				BBBC85C91F2E39C4004A699B /* SDAVAssetExportSession */,
				BB0B7B9F1C71143100295F44 /* Products */,
				BB546DD71F2909C3009E7AF3 /* Frameworks */,
			);
			sourceTree = "<group>";
		};
		BB0B7B9F1C71143100295F44 /* Products */ = {
			isa = PBXGroup;
			children = (
				BB0B7B9E1C71143100295F44 /* libFairchild.a */,
			);
			name = Products;
			sourceTree = "<group>";
		};
		BB546DD71F2909C3009E7AF3 /* Frameworks */ = {
			isa = PBXGroup;
			children = (
				BB0778681F2E3235008B7C05 /* SDAVAssetExportSession.framework */,
				BBA2A4B61F2E2DC400F40890 /* SDAVAssetExportSession.framework */,
				BB546DD81F2909C3009E7AF3 /* SDAVAssetExportSession.framework */,
			);
			name = Frameworks;
			sourceTree = "<group>";
		};
		BBBC85C91F2E39C4004A699B /* SDAVAssetExportSession */ = {
			isa = PBXGroup;
			children = (
				BBBC85CA1F2E39C4004A699B /* .npmignore */,
				BBBC85CB1F2E39C4004A699B /* LICENSE */,
				BBBC85CC1F2E39C4004A699B /* README.md */,
				BBBC85CD1F2E39C4004A699B /* SDAVAssetExportSession.h */,
				BBBC85CE1F2E39C4004A699B /* SDAVAssetExportSession.m */,
				BBBC85CF1F2E39C4004A699B /* SDAVAssetExportSession.podspec */,
			);
			path = SDAVAssetExportSession;
			sourceTree = "<group>";
		};
/* End PBXGroup section */

/* Begin PBXHeadersBuildPhase section */
		BB0B7B9C1C71143100295F44 /* Headers */ = {
			isa = PBXHeadersBuildPhase;
			buildActionMask = 2147483647;
			files = (
				BBBC85D11F2E39C4004A699B /* SDAVAssetExportSession.h in Headers */,
				BBEB12E31DC6523D00576B22 /* Fairchild.h in Headers */,
			);
			runOnlyForDeploymentPostprocessing = 0;
		};
/* End PBXHeadersBuildPhase section */

/* Begin PBXNativeTarget section */
		BB0B7B9D1C71143100295F44 /* Fairchild */ = {
			isa = PBXNativeTarget;
			buildConfigurationList = BB0B7BA51C71143100295F44 /* Build configuration list for PBXNativeTarget "Fairchild" */;
			buildPhases = (
				BB0B7B9A1C71143100295F44 /* Sources */,
				BB0B7B9C1C71143100295F44 /* Headers */,
				BB0B7B9B1C71143100295F44 /* Frameworks */,
			);
			buildRules = (
			);
			dependencies = (
			);
			name = Fairchild;
			productName = Fairchild;
			productReference = BB0B7B9E1C71143100295F44 /* libFairchild.a */;
			productType = "com.apple.product-type.library.static";
		};
/* End PBXNativeTarget section */

/* Begin PBXProject section */
		BB0B7B8E1C7111CC00295F44 /* Project object */ = {
			isa = PBXProject;
			attributes = {
				LastUpgradeCheck = 0720;
				ORGANIZATIONNAME = "Thorarinn Sigurdsson";
				TargetAttributes = {
					BB0B7B9D1C71143100295F44 = {
						CreatedOnToolsVersion = 7.2.1;
					};
				};
			};
			buildConfigurationList = BB0B7B911C7111CC00295F44 /* Build configuration list for PBXProject "Fairchild" */;
			compatibilityVersion = "Xcode 3.2";
			developmentRegion = English;
			hasScannedForEncodings = 0;
			knownRegions = (
				en,
			);
			mainGroup = BB0B7B8D1C7111CC00295F44;
			productRefGroup = BB0B7B9F1C71143100295F44 /* Products */;
			projectDirPath = "";
			projectRoot = "";
			targets = (
				BB0B7B9D1C71143100295F44 /* Fairchild */,
			);
		};
/* End PBXProject section */

/* Begin PBXSourcesBuildPhase section */
		BB0B7B9A1C71143100295F44 /* Sources */ = {
			isa = PBXSourcesBuildPhase;
			buildActionMask = 2147483647;
			files = (
				BBBC85D01F2E39C4004A699B /* README.md in Sources */,
				BBBC85D21F2E39C4004A699B /* SDAVAssetExportSession.m in Sources */,
				BBEB12E21DC651EF00576B22 /* Fairchild.m in Sources */,
			);
			runOnlyForDeploymentPostprocessing = 0;
		};
/* End PBXSourcesBuildPhase section */

/* Begin XCBuildConfiguration section */
		BB0B7B921C7111CC00295F44 /* Debug */ = {
			isa = XCBuildConfiguration;
			buildSettings = {
			};
			name = Debug;
		};
		BB0B7B931C7111CC00295F44 /* Release */ = {
			isa = XCBuildConfiguration;
			buildSettings = {
			};
			name = Release;
		};
		BB0B7BA61C71143100295F44 /* Debug */ = {
			isa = XCBuildConfiguration;
			buildSettings = {
				ALWAYS_SEARCH_USER_PATHS = NO;
				CLANG_CXX_LANGUAGE_STANDARD = "gnu++0x";
				CLANG_CXX_LIBRARY = "libc++";
				CLANG_ENABLE_MODULES = YES;
				CLANG_ENABLE_OBJC_ARC = YES;
				CLANG_WARN_BOOL_CONVERSION = YES;
				CLANG_WARN_CONSTANT_CONVERSION = YES;
				CLANG_WARN_DIRECT_OBJC_ISA_USAGE = YES_ERROR;
				CLANG_WARN_EMPTY_BODY = YES;
				CLANG_WARN_ENUM_CONVERSION = YES;
				CLANG_WARN_INT_CONVERSION = YES;
				CLANG_WARN_OBJC_ROOT_CLASS = YES_ERROR;
				CLANG_WARN_UNREACHABLE_CODE = YES;
				CLANG_WARN__DUPLICATE_METHOD_MATCH = YES;
				CODE_SIGN_IDENTITY = "";
				COPY_PHASE_STRIP = NO;
				DEBUG_INFORMATION_FORMAT = dwarf;
				ENABLE_STRICT_OBJC_MSGSEND = YES;
				ENABLE_TESTABILITY = NO;
				EXECUTABLE_PREFIX = lib;
				GCC_C_LANGUAGE_STANDARD = gnu99;
				GCC_DYNAMIC_NO_PIC = NO;
				GCC_NO_COMMON_BLOCKS = YES;
				GCC_OPTIMIZATION_LEVEL = 0;
				GCC_PREPROCESSOR_DEFINITIONS = (
					"DEBUG=1",
					"$(inherited)",
				);
				GCC_WARN_64_TO_32_BIT_CONVERSION = YES;
				GCC_WARN_ABOUT_RETURN_TYPE = YES_ERROR;
				GCC_WARN_UNDECLARED_SELECTOR = YES;
				GCC_WARN_UNINITIALIZED_AUTOS = YES_AGGRESSIVE;
				GCC_WARN_UNUSED_FUNCTION = YES;
				GCC_WARN_UNUSED_VARIABLE = YES;
				HEADER_SEARCH_PATHS = (
					"$(inherited)",
					/Applications/Xcode.app/Contents/Developer/Toolchains/XcodeDefault.xctoolchain/usr/include,
					"$(SRCROOT)/../../React/**",
					"$(SRCROOT)/../react-native/React/**",
					"$(SRCROOT)/node_modules/react-native/React/**",
				);
				IPHONEOS_DEPLOYMENT_TARGET = 7.0;
				MACOSX_DEPLOYMENT_TARGET = 10.11;
				MTL_ENABLE_DEBUG_INFO = YES;
				ONLY_ACTIVE_ARCH = YES;
				OTHER_LDFLAGS = (
					"-ObjC",
					"$(inherited)",
				);
				PRODUCT_NAME = "$(TARGET_NAME)";
				SDKROOT = iphoneos;
				SKIP_INSTALL = YES;
			};
			name = Debug;
		};
		BB0B7BA71C71143100295F44 /* Release */ = {
			isa = XCBuildConfiguration;
			buildSettings = {
				ALWAYS_SEARCH_USER_PATHS = NO;
				CLANG_CXX_LANGUAGE_STANDARD = "gnu++0x";
				CLANG_CXX_LIBRARY = "libc++";
				CLANG_ENABLE_MODULES = YES;
				CLANG_ENABLE_OBJC_ARC = YES;
				CLANG_WARN_BOOL_CONVERSION = YES;
				CLANG_WARN_CONSTANT_CONVERSION = YES;
				CLANG_WARN_DIRECT_OBJC_ISA_USAGE = YES_ERROR;
				CLANG_WARN_EMPTY_BODY = YES;
				CLANG_WARN_ENUM_CONVERSION = YES;
				CLANG_WARN_INT_CONVERSION = YES;
				CLANG_WARN_OBJC_ROOT_CLASS = YES_ERROR;
				CLANG_WARN_UNREACHABLE_CODE = YES;
				CLANG_WARN__DUPLICATE_METHOD_MATCH = YES;
				CODE_SIGN_IDENTITY = "";
				COPY_PHASE_STRIP = NO;
				DEBUG_INFORMATION_FORMAT = "dwarf-with-dsym";
				ENABLE_NS_ASSERTIONS = NO;
				ENABLE_STRICT_OBJC_MSGSEND = YES;
				ENABLE_TESTABILITY = NO;
				EXECUTABLE_PREFIX = lib;
				GCC_C_LANGUAGE_STANDARD = gnu99;
				GCC_NO_COMMON_BLOCKS = YES;
				GCC_WARN_64_TO_32_BIT_CONVERSION = YES;
				GCC_WARN_ABOUT_RETURN_TYPE = YES_ERROR;
				GCC_WARN_UNDECLARED_SELECTOR = YES;
				GCC_WARN_UNINITIALIZED_AUTOS = YES_AGGRESSIVE;
				GCC_WARN_UNUSED_FUNCTION = YES;
				GCC_WARN_UNUSED_VARIABLE = YES;
				HEADER_SEARCH_PATHS = (
					"$(inherited)",
					/Applications/Xcode.app/Contents/Developer/Toolchains/XcodeDefault.xctoolchain/usr/include,
					"$(SRCROOT)/../../React/**",
					"$(SRCROOT)/../react-native/React/**",
					"$(SRCROOT)/node_modules/react-native/React/**",
				);
				IPHONEOS_DEPLOYMENT_TARGET = 7.0;
				MACOSX_DEPLOYMENT_TARGET = 10.11;
				MTL_ENABLE_DEBUG_INFO = NO;
				OTHER_LDFLAGS = (
					"-ObjC",
					"$(inherited)",
				);
				PRODUCT_NAME = "$(TARGET_NAME)";
				SDKROOT = iphoneos;
				SKIP_INSTALL = YES;
				VALIDATE_PRODUCT = YES;
			};
			name = Release;
		};
/* End XCBuildConfiguration section */

/* Begin XCConfigurationList section */
		BB0B7B911C7111CC00295F44 /* Build configuration list for PBXProject "Fairchild" */ = {
			isa = XCConfigurationList;
			buildConfigurations = (
				BB0B7B921C7111CC00295F44 /* Debug */,
				BB0B7B931C7111CC00295F44 /* Release */,
			);
			defaultConfigurationIsVisible = 0;
			defaultConfigurationName = Release;
		};
		BB0B7BA51C71143100295F44 /* Build configuration list for PBXNativeTarget "Fairchild" */ = {
			isa = XCConfigurationList;
			buildConfigurations = (
				BB0B7BA61C71143100295F44 /* Debug */,
				BB0B7BA71C71143100295F44 /* Release */,
			);
			defaultConfigurationIsVisible = 0;
			defaultConfigurationName = Release;
		};
/* End XCConfigurationList section */
	};
	rootObject = BB0B7B8E1C7111CC00295F44 /* Project object */;
}
